
Microsoft Visual Studio Solution File, Format Version 12.00
# Visual Studio Version 16
VisualStudioVersion = 16.0.30907.101
MinimumVisualStudioVersion = 10.0.40219.1
Project("{FAE04EC0-301F-11D3-BF4B-00C04F79EFBC}") = "Elsheimy.Components.Linears", "Elsheimy.Components.Linears.csproj", "{51F637AA-0E1E-44AC-A8A4-2F0ED5876DD0}"
EndProject
Global
	GlobalSection(SolutionConfigurationPlatforms) = preSolution
		Debug|Any CPU = Debug|Any CPU
		Release|Any CPU = Release|Any CPU
	EndGlobalSection
	GlobalSection(ProjectConfigurationPlatforms) = postSolution
		{51F637AA-0E1E-44AC-A8A4-2F0ED5876DD0}.Debug|Any CPU.ActiveCfg = Debug|Any CPU
		{51F637AA-0E1E-44AC-A8A4-2F0ED5876DD0}.Debug|Any CPU.Build.0 = Debug|Any CPU
		{51F637AA-0E1E-44AC-A8A4-2F0ED5876DD0}.Release|Any CPU.ActiveCfg = Release|Any CPU
		{51F637AA-0E1E-44AC-A8A4-2F0ED5876DD0}.Release|Any CPU.Build.0 = Release|Any CPU
	EndGlobalSection
	GlobalSection(SolutionProperties) = preSolution
		HideSolutionNode = FALSE
	EndGlobalSection
	GlobalSection(ExtensibilityGlobals) = postSolution
		SolutionGuid = {AA41BDAA-3493-4E27-8C01-43B6ACC00132}
	EndGlobalSection
EndGlobal
